
Microsoft Visual Studio Solution File, Format Version 12.00
# Visual Studio 2013
VisualStudioVersion = 12.0.40629.0
MinimumVisualStudioVersion = 10.0.40219.1
Project("{FAE04EC0-301F-11D3-BF4B-00C04F79EFBC}") = "CouchbaseWebService.Web", "WebApplication1\CouchbaseWebService.Web.csproj", "{DBD783CA-FAF3-42DF-A611-05DB4F55C8DC}"
EndProject
Project("{FAE04EC0-301F-11D3-BF4B-00C04F79EFBC}") = "CouchbaseWebService.Data", "Data\CouchbaseWebService.Data.csproj", "{59145BE6-A2BE-40A2-A489-C74D34F0B075}"
EndProject
Project("{FAE04EC0-301F-11D3-BF4B-00C04F79EFBC}") = "CouchbaseWebService.Test", "CouchbaseWebService.Test\CouchbaseWebService.Test.csproj", "{1ACD2B4E-EBB2-4F50-BD4D-A32B2D583802}"
EndProject
Global
	GlobalSection(TeamFoundationVersionControl) = preSolution
		SccNumberOfProjects = 4
		SccEnterpriseProvider = {4CA58AB2-18FA-4F8D-95D4-32DDF27D184C}
		SccTeamFoundationServer = https://harundeger.visualstudio.com/defaultcollection
		SccLocalPath0 = .
		SccProjectUniqueName1 = CouchbaseWebService.Test\\CouchbaseWebService.Test.csproj
		SccProjectName1 = CouchbaseWebService.Test
		SccLocalPath1 = CouchbaseWebService.Test
		SccProjectUniqueName2 = Data\\CouchbaseWebService.Data.csproj
		SccProjectName2 = Data
		SccLocalPath2 = Data
		SccProjectUniqueName3 = WebApplication1\\CouchbaseWebService.Web.csproj
		SccProjectName3 = WebApplication1
		SccLocalPath3 = WebApplication1
	EndGlobalSection
	GlobalSection(SolutionConfigurationPlatforms) = preSolution
		Debug|Any CPU = Debug|Any CPU
		Release|Any CPU = Release|Any CPU
	EndGlobalSection
	GlobalSection(ProjectConfigurationPlatforms) = postSolution
		{DBD783CA-FAF3-42DF-A611-05DB4F55C8DC}.Debug|Any CPU.ActiveCfg = Debug|Any CPU
		{DBD783CA-FAF3-42DF-A611-05DB4F55C8DC}.Debug|Any CPU.Build.0 = Debug|Any CPU
		{DBD783CA-FAF3-42DF-A611-05DB4F55C8DC}.Release|Any CPU.ActiveCfg = Release|Any CPU
		{DBD783CA-FAF3-42DF-A611-05DB4F55C8DC}.Release|Any CPU.Build.0 = Release|Any CPU
		{59145BE6-A2BE-40A2-A489-C74D34F0B075}.Debug|Any CPU.ActiveCfg = Debug|Any CPU
		{59145BE6-A2BE-40A2-A489-C74D34F0B075}.Debug|Any CPU.Build.0 = Debug|Any CPU
		{59145BE6-A2BE-40A2-A489-C74D34F0B075}.Release|Any CPU.ActiveCfg = Release|Any CPU
		{59145BE6-A2BE-40A2-A489-C74D34F0B075}.Release|Any CPU.Build.0 = Release|Any CPU
		{1ACD2B4E-EBB2-4F50-BD4D-A32B2D583802}.Debug|Any CPU.ActiveCfg = Debug|Any CPU
		{1ACD2B4E-EBB2-4F50-BD4D-A32B2D583802}.Debug|Any CPU.Build.0 = Debug|Any CPU
		{1ACD2B4E-EBB2-4F50-BD4D-A32B2D583802}.Release|Any CPU.ActiveCfg = Release|Any CPU
		{1ACD2B4E-EBB2-4F50-BD4D-A32B2D583802}.Release|Any CPU.Build.0 = Release|Any CPU
	EndGlobalSection
	GlobalSection(SolutionProperties) = preSolution
		HideSolutionNode = FALSE
	EndGlobalSection
EndGlobal
